
Microsoft Visual Studio Solution File, Format Version 12.00
# Visual Studio Version 17
VisualStudioVersion = 17.7.34221.43
MinimumVisualStudioVersion = 10.0.40219.1
Project("{FAE04EC0-301F-11D3-BF4B-00C04F79EFBC}") = "EMS", "EMS\EMS.csproj", "{7199099B-C14C-4342-BC43-07A7E8C33086}"
EndProject
Global
	GlobalSection(SolutionConfigurationPlatforms) = preSolution
		Debug|Any CPU = Debug|Any CPU
		Release|Any CPU = Release|Any CPU
	EndGlobalSection
	GlobalSection(ProjectConfigurationPlatforms) = postSolution
		{7199099B-C14C-4342-BC43-07A7E8C33086}.Debug|Any CPU.ActiveCfg = Debug|Any CPU
		{7199099B-C14C-4342-BC43-07A7E8C33086}.Debug|Any CPU.Build.0 = Debug|Any CPU
		{7199099B-C14C-4342-BC43-07A7E8C33086}.Release|Any CPU.ActiveCfg = Release|Any CPU
		{7199099B-C14C-4342-BC43-07A7E8C33086}.Release|Any CPU.Build.0 = Release|Any CPU
	EndGlobalSection
	GlobalSection(SolutionProperties) = preSolution
		HideSolutionNode = FALSE
	EndGlobalSection
	GlobalSection(ExtensibilityGlobals) = postSolution
		SolutionGuid = {4D49F3EB-9C72-47D4-A2D4-86D3711049A0}
	EndGlobalSection
EndGlobal
